// !$*UTF8*$!
{
	archiveVersion = 1;
	classes = {
	};
	objectVersion = 60;
	objects = {

/* Begin PBXBuildFile section */
		F38144252B67AA7200DCB02C /* Apollo in Frameworks */ = {isa = PBXBuildFile; productRef = F38144242B67AA7200DCB02C /* Apollo */; };
		F38144272B67AA7200DCB02C /* Apollo-Dynamic in Frameworks */ = {isa = PBXBuildFile; productRef = F38144262B67AA7200DCB02C /* Apollo-Dynamic */; };
		F38144292B67AA7200DCB02C /* ApolloAPI in Frameworks */ = {isa = PBXBuildFile; productRef = F38144282B67AA7200DCB02C /* ApolloAPI */; };
		F381442B2B67AA7200DCB02C /* ApolloSQLite in Frameworks */ = {isa = PBXBuildFile; productRef = F381442A2B67AA7200DCB02C /* ApolloSQLite */; };
		F381442D2B67AA7200DCB02C /* ApolloTestSupport in Frameworks */ = {isa = PBXBuildFile; productRef = F381442C2B67AA7200DCB02C /* ApolloTestSupport */; };
		F38144342B6932F300DCB02C /* apollo-codegen-config.json in Resources */ = {isa = PBXBuildFile; fileRef = F38144332B6932F300DCB02C /* apollo-codegen-config.json */; };
		F38144382B6933E300DCB02C /* wardsQuery.graphql in Resources */ = {isa = PBXBuildFile; fileRef = F38144372B6933E300DCB02C /* wardsQuery.graphql */; };
		F381443A2B69363100DCB02C /* schema.graphqls in Resources */ = {isa = PBXBuildFile; fileRef = F38144392B69363100DCB02C /* schema.graphqls */; };
		F381443D2B69420800DCB02C /* Pomosch in Frameworks */ = {isa = PBXBuildFile; productRef = F381443C2B69420800DCB02C /* Pomosch */; };
		F38144402B69444000DCB02C /* NetworkService.swift in Sources */ = {isa = PBXBuildFile; fileRef = F381443F2B69444000DCB02C /* NetworkService.swift */; };
		F38144422B697AFD00DCB02C /* Ward.swift in Sources */ = {isa = PBXBuildFile; fileRef = F38144412B697AFD00DCB02C /* Ward.swift */; };
		F38144442B697C5900DCB02C /* WardListViewModel.swift in Sources */ = {isa = PBXBuildFile; fileRef = F38144432B697C5900DCB02C /* WardListViewModel.swift */; };
		F38144472B69A11500DCB02C /* Kingfisher in Frameworks */ = {isa = PBXBuildFile; productRef = F38144462B69A11500DCB02C /* Kingfisher */; };
		F3819EE02B6197D000CF1181 /* Apollo in Frameworks */ = {isa = PBXBuildFile; productRef = F3819EDF2B6197D000CF1181 /* Apollo */; };
		F3E4DA932B5FAD7E00908A66 /* AppDelegate.swift in Sources */ = {isa = PBXBuildFile; fileRef = F3E4DA922B5FAD7E00908A66 /* AppDelegate.swift */; };
		F3E4DA952B5FAD7E00908A66 /* SceneDelegate.swift in Sources */ = {isa = PBXBuildFile; fileRef = F3E4DA942B5FAD7E00908A66 /* SceneDelegate.swift */; };
		F3E4DA972B5FAD7E00908A66 /* ViewController.swift in Sources */ = {isa = PBXBuildFile; fileRef = F3E4DA962B5FAD7E00908A66 /* ViewController.swift */; };
		F3E4DA9C2B5FAD7F00908A66 /* Assets.xcassets in Resources */ = {isa = PBXBuildFile; fileRef = F3E4DA9B2B5FAD7F00908A66 /* Assets.xcassets */; };
		F3E4DA9F2B5FAD7F00908A66 /* LaunchScreen.storyboard in Resources */ = {isa = PBXBuildFile; fileRef = F3E4DA9D2B5FAD7F00908A66 /* LaunchScreen.storyboard */; };
/* End PBXBuildFile section */

/* Begin PBXFileReference section */
		F38144332B6932F300DCB02C /* apollo-codegen-config.json */ = {isa = PBXFileReference; fileEncoding = 4; lastKnownFileType = text.json; path = "apollo-codegen-config.json"; sourceTree = "<group>"; };
		F38144372B6933E300DCB02C /* wardsQuery.graphql */ = {isa = PBXFileReference; fileEncoding = 4; lastKnownFileType = text; path = wardsQuery.graphql; sourceTree = "<group>"; };
		F38144392B69363100DCB02C /* schema.graphqls */ = {isa = PBXFileReference; fileEncoding = 4; lastKnownFileType = text; path = schema.graphqls; sourceTree = "<group>"; };
		F381443F2B69444000DCB02C /* NetworkService.swift */ = {isa = PBXFileReference; lastKnownFileType = sourcecode.swift; path = NetworkService.swift; sourceTree = "<group>"; };
		F38144412B697AFD00DCB02C /* Ward.swift */ = {isa = PBXFileReference; lastKnownFileType = sourcecode.swift; path = Ward.swift; sourceTree = "<group>"; };
		F38144432B697C5900DCB02C /* WardListViewModel.swift */ = {isa = PBXFileReference; lastKnownFileType = sourcecode.swift; path = WardListViewModel.swift; sourceTree = "<group>"; };
		F3E4DA8F2B5FAD7E00908A66 /* TestProjectSaveleva.app */ = {isa = PBXFileReference; explicitFileType = wrapper.application; includeInIndex = 0; path = TestProjectSaveleva.app; sourceTree = BUILT_PRODUCTS_DIR; };
		F3E4DA922B5FAD7E00908A66 /* AppDelegate.swift */ = {isa = PBXFileReference; lastKnownFileType = sourcecode.swift; path = AppDelegate.swift; sourceTree = "<group>"; };
		F3E4DA942B5FAD7E00908A66 /* SceneDelegate.swift */ = {isa = PBXFileReference; lastKnownFileType = sourcecode.swift; path = SceneDelegate.swift; sourceTree = "<group>"; };
		F3E4DA962B5FAD7E00908A66 /* ViewController.swift */ = {isa = PBXFileReference; lastKnownFileType = sourcecode.swift; path = ViewController.swift; sourceTree = "<group>"; };
		F3E4DA9B2B5FAD7F00908A66 /* Assets.xcassets */ = {isa = PBXFileReference; lastKnownFileType = folder.assetcatalog; path = Assets.xcassets; sourceTree = "<group>"; };
		F3E4DA9E2B5FAD7F00908A66 /* Base */ = {isa = PBXFileReference; lastKnownFileType = file.storyboard; name = Base; path = Base.lproj/LaunchScreen.storyboard; sourceTree = "<group>"; };
		F3E4DAA02B5FAD7F00908A66 /* Info.plist */ = {isa = PBXFileReference; lastKnownFileType = text.plist.xml; path = Info.plist; sourceTree = "<group>"; };
/* End PBXFileReference section */

/* Begin PBXFrameworksBuildPhase section */
		F3E4DA8C2B5FAD7E00908A66 /* Frameworks */ = {
			isa = PBXFrameworksBuildPhase;
			buildActionMask = 2147483647;
			files = (
				F3819EE02B6197D000CF1181 /* Apollo in Frameworks */,
				F38144252B67AA7200DCB02C /* Apollo in Frameworks */,
				F381442B2B67AA7200DCB02C /* ApolloSQLite in Frameworks */,
				F381442D2B67AA7200DCB02C /* ApolloTestSupport in Frameworks */,
				F38144472B69A11500DCB02C /* Kingfisher in Frameworks */,
				F38144292B67AA7200DCB02C /* ApolloAPI in Frameworks */,
				F381443D2B69420800DCB02C /* Pomosch in Frameworks */,
				F38144272B67AA7200DCB02C /* Apollo-Dynamic in Frameworks */,
			);
			runOnlyForDeploymentPostprocessing = 0;
		};
/* End PBXFrameworksBuildPhase section */

/* Begin PBXGroup section */
		F381443E2B6943D500DCB02C /* Frameworks */ = {
			isa = PBXGroup;
			children = (
			);
			name = Frameworks;
			sourceTree = "<group>";
		};
		F3819ECE2B61380800CF1181 /* GraphQL */ = {
			isa = PBXGroup;
			children = (
				F38144372B6933E300DCB02C /* wardsQuery.graphql */,
				F38144332B6932F300DCB02C /* apollo-codegen-config.json */,
				F38144392B69363100DCB02C /* schema.graphqls */,
			);
			path = GraphQL;
			sourceTree = "<group>";
		};
		F3E4DA862B5FAD7E00908A66 = {
			isa = PBXGroup;
			children = (
				F3E4DA912B5FAD7E00908A66 /* TestProjectSaveleva */,
				F3E4DA902B5FAD7E00908A66 /* Products */,
				F381443E2B6943D500DCB02C /* Frameworks */,
			);
			sourceTree = "<group>";
		};
		F3E4DA902B5FAD7E00908A66 /* Products */ = {
			isa = PBXGroup;
			children = (
				F3E4DA8F2B5FAD7E00908A66 /* TestProjectSaveleva.app */,
			);
			name = Products;
			sourceTree = "<group>";
		};
		F3E4DA912B5FAD7E00908A66 /* TestProjectSaveleva */ = {
			isa = PBXGroup;
			children = (
				F3819ECE2B61380800CF1181 /* GraphQL */,
				F3E4DA922B5FAD7E00908A66 /* AppDelegate.swift */,
				F3E4DA942B5FAD7E00908A66 /* SceneDelegate.swift */,
				F3E4DA962B5FAD7E00908A66 /* ViewController.swift */,
				F3E4DA9B2B5FAD7F00908A66 /* Assets.xcassets */,
				F3E4DA9D2B5FAD7F00908A66 /* LaunchScreen.storyboard */,
				F3E4DAA02B5FAD7F00908A66 /* Info.plist */,
				F381443F2B69444000DCB02C /* NetworkService.swift */,
				F38144412B697AFD00DCB02C /* Ward.swift */,
				F38144432B697C5900DCB02C /* WardListViewModel.swift */,
			);
			path = TestProjectSaveleva;
			sourceTree = "<group>";
		};
/* End PBXGroup section */

/* Begin PBXNativeTarget section */
		F3E4DA8E2B5FAD7E00908A66 /* TestProjectSaveleva */ = {
			isa = PBXNativeTarget;
			buildConfigurationList = F3E4DAA32B5FAD7F00908A66 /* Build configuration list for PBXNativeTarget "TestProjectSaveleva" */;
			buildPhases = (
				F3E4DA8B2B5FAD7E00908A66 /* Sources */,
				F3E4DA8C2B5FAD7E00908A66 /* Frameworks */,
				F3E4DA8D2B5FAD7E00908A66 /* Resources */,
			);
			buildRules = (
			);
			dependencies = (
			);
			name = TestProjectSaveleva;
			packageProductDependencies = (
				F3819EDF2B6197D000CF1181 /* Apollo */,
				F38144242B67AA7200DCB02C /* Apollo */,
				F38144262B67AA7200DCB02C /* Apollo-Dynamic */,
				F38144282B67AA7200DCB02C /* ApolloAPI */,
				F381442A2B67AA7200DCB02C /* ApolloSQLite */,
				F381442C2B67AA7200DCB02C /* ApolloTestSupport */,
				F381443C2B69420800DCB02C /* Pomosch */,
				F38144462B69A11500DCB02C /* Kingfisher */,
			);
			productName = TestProjectSaveleva;
			productReference = F3E4DA8F2B5FAD7E00908A66 /* TestProjectSaveleva.app */;
			productType = "com.apple.product-type.application";
		};
/* End PBXNativeTarget section */

/* Begin PBXProject section */
		F3E4DA872B5FAD7E00908A66 /* Project object */ = {
			isa = PBXProject;
			attributes = {
				BuildIndependentTargetsInParallel = 1;
				LastSwiftUpdateCheck = 1500;
				LastUpgradeCheck = 1500;
				TargetAttributes = {
					F3E4DA8E2B5FAD7E00908A66 = {
						CreatedOnToolsVersion = 15.0.1;
					};
				};
			};
			buildConfigurationList = F3E4DA8A2B5FAD7E00908A66 /* Build configuration list for PBXProject "TestProjectSaveleva" */;
			compatibilityVersion = "Xcode 14.0";
			developmentRegion = en;
			hasScannedForEncodings = 0;
			knownRegions = (
				en,
				Base,
			);
			mainGroup = F3E4DA862B5FAD7E00908A66;
			packageReferences = (
				F3819EDE2B6197D000CF1181 /* XCRemoteSwiftPackageReference "apollo-ios" */,
				F381443B2B69420800DCB02C /* XCLocalSwiftPackageReference "TestProjectSaveleva/GraphQL/Pomosch" */,
				F38144452B69A11500DCB02C /* XCRemoteSwiftPackageReference "Kingfisher" */,
			);
			productRefGroup = F3E4DA902B5FAD7E00908A66 /* Products */;
			projectDirPath = "";
			projectRoot = "";
			targets = (
				F3E4DA8E2B5FAD7E00908A66 /* TestProjectSaveleva */,
			);
		};
/* End PBXProject section */

/* Begin PBXResourcesBuildPhase section */
		F3E4DA8D2B5FAD7E00908A66 /* Resources */ = {
			isa = PBXResourcesBuildPhase;
			buildActionMask = 2147483647;
			files = (
				F38144382B6933E300DCB02C /* wardsQuery.graphql in Resources */,
				F381443A2B69363100DCB02C /* schema.graphqls in Resources */,
				F3E4DA9F2B5FAD7F00908A66 /* LaunchScreen.storyboard in Resources */,
				F38144342B6932F300DCB02C /* apollo-codegen-config.json in Resources */,
				F3E4DA9C2B5FAD7F00908A66 /* Assets.xcassets in Resources */,
			);
			runOnlyForDeploymentPostprocessing = 0;
		};
/* End PBXResourcesBuildPhase section */

/* Begin PBXSourcesBuildPhase section */
		F3E4DA8B2B5FAD7E00908A66 /* Sources */ = {
			isa = PBXSourcesBuildPhase;
			buildActionMask = 2147483647;
			files = (
				F3E4DA972B5FAD7E00908A66 /* ViewController.swift in Sources */,
				F38144422B697AFD00DCB02C /* Ward.swift in Sources */,
				F3E4DA932B5FAD7E00908A66 /* AppDelegate.swift in Sources */,
				F38144402B69444000DCB02C /* NetworkService.swift in Sources */,
				F38144442B697C5900DCB02C /* WardListViewModel.swift in Sources */,
				F3E4DA952B5FAD7E00908A66 /* SceneDelegate.swift in Sources */,
			);
			runOnlyForDeploymentPostprocessing = 0;
		};
/* End PBXSourcesBuildPhase section */

/* Begin PBXVariantGroup section */
		F3E4DA9D2B5FAD7F00908A66 /* LaunchScreen.storyboard */ = {
			isa = PBXVariantGroup;
			children = (
				F3E4DA9E2B5FAD7F00908A66 /* Base */,
			);
			name = LaunchScreen.storyboard;
			sourceTree = "<group>";
		};
/* End PBXVariantGroup section */

/* Begin XCBuildConfiguration section */
		F3E4DAA12B5FAD7F00908A66 /* Debug */ = {
			isa = XCBuildConfiguration;
			buildSettings = {
				ALWAYS_SEARCH_USER_PATHS = NO;
				ASSETCATALOG_COMPILER_GENERATE_SWIFT_ASSET_SYMBOL_EXTENSIONS = YES;
				CLANG_ANALYZER_NONNULL = YES;
				CLANG_ANALYZER_NUMBER_OBJECT_CONVERSION = YES_AGGRESSIVE;
				CLANG_CXX_LANGUAGE_STANDARD = "gnu++20";
				CLANG_ENABLE_MODULES = YES;
				CLANG_ENABLE_OBJC_ARC = YES;
				CLANG_ENABLE_OBJC_WEAK = YES;
				CLANG_WARN_BLOCK_CAPTURE_AUTORELEASING = YES;
				CLANG_WARN_BOOL_CONVERSION = YES;
				CLANG_WARN_COMMA = YES;
				CLANG_WARN_CONSTANT_CONVERSION = YES;
				CLANG_WARN_DEPRECATED_OBJC_IMPLEMENTATIONS = YES;
				CLANG_WARN_DIRECT_OBJC_ISA_USAGE = YES_ERROR;
				CLANG_WARN_DOCUMENTATION_COMMENTS = YES;
				CLANG_WARN_EMPTY_BODY = YES;
				CLANG_WARN_ENUM_CONVERSION = YES;
				CLANG_WARN_INFINITE_RECURSION = YES;
				CLANG_WARN_INT_CONVERSION = YES;
				CLANG_WARN_NON_LITERAL_NULL_CONVERSION = YES;
				CLANG_WARN_OBJC_IMPLICIT_RETAIN_SELF = YES;
				CLANG_WARN_OBJC_LITERAL_CONVERSION = YES;
				CLANG_WARN_OBJC_ROOT_CLASS = YES_ERROR;
				CLANG_WARN_QUOTED_INCLUDE_IN_FRAMEWORK_HEADER = YES;
				CLANG_WARN_RANGE_LOOP_ANALYSIS = YES;
				CLANG_WARN_STRICT_PROTOTYPES = YES;
				CLANG_WARN_SUSPICIOUS_MOVE = YES;
				CLANG_WARN_UNGUARDED_AVAILABILITY = YES_AGGRESSIVE;
				CLANG_WARN_UNREACHABLE_CODE = YES;
				CLANG_WARN__DUPLICATE_METHOD_MATCH = YES;
				COPY_PHASE_STRIP = NO;
				DEBUG_INFORMATION_FORMAT = dwarf;
				ENABLE_STRICT_OBJC_MSGSEND = YES;
				ENABLE_TESTABILITY = YES;
				ENABLE_USER_SCRIPT_SANDBOXING = YES;
				GCC_C_LANGUAGE_STANDARD = gnu17;
				GCC_DYNAMIC_NO_PIC = NO;
				GCC_NO_COMMON_BLOCKS = YES;
				GCC_OPTIMIZATION_LEVEL = 0;
				GCC_PREPROCESSOR_DEFINITIONS = (
					"DEBUG=1",
					"$(inherited)",
				);
				GCC_WARN_64_TO_32_BIT_CONVERSION = YES;
				GCC_WARN_ABOUT_RETURN_TYPE = YES_ERROR;
				GCC_WARN_UNDECLARED_SELECTOR = YES;
				GCC_WARN_UNINITIALIZED_AUTOS = YES_AGGRESSIVE;
				GCC_WARN_UNUSED_FUNCTION = YES;
				GCC_WARN_UNUSED_VARIABLE = YES;
				IPHONEOS_DEPLOYMENT_TARGET = 17.0;
				LOCALIZATION_PREFERS_STRING_CATALOGS = YES;
				MTL_ENABLE_DEBUG_INFO = INCLUDE_SOURCE;
				MTL_FAST_MATH = YES;
				ONLY_ACTIVE_ARCH = YES;
				SDKROOT = iphoneos;
				SWIFT_ACTIVE_COMPILATION_CONDITIONS = "DEBUG $(inherited)";
				SWIFT_OPTIMIZATION_LEVEL = "-Onone";
			};
			name = Debug;
		};
		F3E4DAA22B5FAD7F00908A66 /* Release */ = {
			isa = XCBuildConfiguration;
			buildSettings = {
				ALWAYS_SEARCH_USER_PATHS = NO;
				ASSETCATALOG_COMPILER_GENERATE_SWIFT_ASSET_SYMBOL_EXTENSIONS = YES;
				CLANG_ANALYZER_NONNULL = YES;
				CLANG_ANALYZER_NUMBER_OBJECT_CONVERSION = YES_AGGRESSIVE;
				CLANG_CXX_LANGUAGE_STANDARD = "gnu++20";
				CLANG_ENABLE_MODULES = YES;
				CLANG_ENABLE_OBJC_ARC = YES;
				CLANG_ENABLE_OBJC_WEAK = YES;
				CLANG_WARN_BLOCK_CAPTURE_AUTORELEASING = YES;
				CLANG_WARN_BOOL_CONVERSION = YES;
				CLANG_WARN_COMMA = YES;
				CLANG_WARN_CONSTANT_CONVERSION = YES;
				CLANG_WARN_DEPRECATED_OBJC_IMPLEMENTATIONS = YES;
				CLANG_WARN_DIRECT_OBJC_ISA_USAGE = YES_ERROR;
				CLANG_WARN_DOCUMENTATION_COMMENTS = YES;
				CLANG_WARN_EMPTY_BODY = YES;
				CLANG_WARN_ENUM_CONVERSION = YES;
				CLANG_WARN_INFINITE_RECURSION = YES;
				CLANG_WARN_INT_CONVERSION = YES;
				CLANG_WARN_NON_LITERAL_NULL_CONVERSION = YES;
				CLANG_WARN_OBJC_IMPLICIT_RETAIN_SELF = YES;
				CLANG_WARN_OBJC_LITERAL_CONVERSION = YES;
				CLANG_WARN_OBJC_ROOT_CLASS = YES_ERROR;
				CLANG_WARN_QUOTED_INCLUDE_IN_FRAMEWORK_HEADER = YES;
				CLANG_WARN_RANGE_LOOP_ANALYSIS = YES;
				CLANG_WARN_STRICT_PROTOTYPES = YES;
				CLANG_WARN_SUSPICIOUS_MOVE = YES;
				CLANG_WARN_UNGUARDED_AVAILABILITY = YES_AGGRESSIVE;
				CLANG_WARN_UNREACHABLE_CODE = YES;
				CLANG_WARN__DUPLICATE_METHOD_MATCH = YES;
				COPY_PHASE_STRIP = NO;
				DEBUG_INFORMATION_FORMAT = "dwarf-with-dsym";
				ENABLE_NS_ASSERTIONS = NO;
				ENABLE_STRICT_OBJC_MSGSEND = YES;
				ENABLE_USER_SCRIPT_SANDBOXING = YES;
				GCC_C_LANGUAGE_STANDARD = gnu17;
				GCC_NO_COMMON_BLOCKS = YES;
				GCC_WARN_64_TO_32_BIT_CONVERSION = YES;
				GCC_WARN_ABOUT_RETURN_TYPE = YES_ERROR;
				GCC_WARN_UNDECLARED_SELECTOR = YES;
				GCC_WARN_UNINITIALIZED_AUTOS = YES_AGGRESSIVE;
				GCC_WARN_UNUSED_FUNCTION = YES;
				GCC_WARN_UNUSED_VARIABLE = YES;
				IPHONEOS_DEPLOYMENT_TARGET = 17.0;
				LOCALIZATION_PREFERS_STRING_CATALOGS = YES;
				MTL_ENABLE_DEBUG_INFO = NO;
				MTL_FAST_MATH = YES;
				SDKROOT = iphoneos;
				SWIFT_COMPILATION_MODE = wholemodule;
				VALIDATE_PRODUCT = YES;
			};
			name = Release;
		};
		F3E4DAA42B5FAD7F00908A66 /* Debug */ = {
			isa = XCBuildConfiguration;
			buildSettings = {
				ASSETCATALOG_COMPILER_APPICON_NAME = AppIcon;
				ASSETCATALOG_COMPILER_GLOBAL_ACCENT_COLOR_NAME = AccentColor;
				CODE_SIGN_STYLE = Automatic;
				CURRENT_PROJECT_VERSION = 1;
				DEVELOPMENT_TEAM = 332MXW7JWG;
				GENERATE_INFOPLIST_FILE = YES;
				INFOPLIST_FILE = TestProjectSaveleva/Info.plist;
				INFOPLIST_KEY_UIApplicationSupportsIndirectInputEvents = YES;
				INFOPLIST_KEY_UILaunchStoryboardName = LaunchScreen;
				INFOPLIST_KEY_UISupportedInterfaceOrientations_iPad = "UIInterfaceOrientationPortrait UIInterfaceOrientationPortraitUpsideDown UIInterfaceOrientationLandscapeLeft UIInterfaceOrientationLandscapeRight";
				INFOPLIST_KEY_UISupportedInterfaceOrientations_iPhone = "UIInterfaceOrientationPortrait UIInterfaceOrientationLandscapeLeft UIInterfaceOrientationLandscapeRight";
				LD_RUNPATH_SEARCH_PATHS = (
					"$(inherited)",
					"@executable_path/Frameworks",
				);
				MARKETING_VERSION = 1.0;
				PRODUCT_BUNDLE_IDENTIFIER = com.indiana.jonez.TestProjectSaveleva;
				PRODUCT_NAME = "$(TARGET_NAME)";
				SWIFT_EMIT_LOC_STRINGS = YES;
				SWIFT_VERSION = 5.0;
				TARGETED_DEVICE_FAMILY = "1,2";
			};
			name = Debug;
		};
		F3E4DAA52B5FAD7F00908A66 /* Release */ = {
			isa = XCBuildConfiguration;
			buildSettings = {
				ASSETCATALOG_COMPILER_APPICON_NAME = AppIcon;
				ASSETCATALOG_COMPILER_GLOBAL_ACCENT_COLOR_NAME = AccentColor;
				CODE_SIGN_STYLE = Automatic;
				CURRENT_PROJECT_VERSION = 1;
				DEVELOPMENT_TEAM = 332MXW7JWG;
				GENERATE_INFOPLIST_FILE = YES;
				INFOPLIST_FILE = TestProjectSaveleva/Info.plist;
				INFOPLIST_KEY_UIApplicationSupportsIndirectInputEvents = YES;
				INFOPLIST_KEY_UILaunchStoryboardName = LaunchScreen;
				INFOPLIST_KEY_UISupportedInterfaceOrientations_iPad = "UIInterfaceOrientationPortrait UIInterfaceOrientationPortraitUpsideDown UIInterfaceOrientationLandscapeLeft UIInterfaceOrientationLandscapeRight";
				INFOPLIST_KEY_UISupportedInterfaceOrientations_iPhone = "UIInterfaceOrientationPortrait UIInterfaceOrientationLandscapeLeft UIInterfaceOrientationLandscapeRight";
				LD_RUNPATH_SEARCH_PATHS = (
					"$(inherited)",
					"@executable_path/Frameworks",
				);
				MARKETING_VERSION = 1.0;
				PRODUCT_BUNDLE_IDENTIFIER = com.indiana.jonez.TestProjectSaveleva;
				PRODUCT_NAME = "$(TARGET_NAME)";
				SWIFT_EMIT_LOC_STRINGS = YES;
				SWIFT_VERSION = 5.0;
				TARGETED_DEVICE_FAMILY = "1,2";
			};
			name = Release;
		};
/* End XCBuildConfiguration section */

/* Begin XCConfigurationList section */
		F3E4DA8A2B5FAD7E00908A66 /* Build configuration list for PBXProject "TestProjectSaveleva" */ = {
			isa = XCConfigurationList;
			buildConfigurations = (
				F3E4DAA12B5FAD7F00908A66 /* Debug */,
				F3E4DAA22B5FAD7F00908A66 /* Release */,
			);
			defaultConfigurationIsVisible = 0;
			defaultConfigurationName = Release;
		};
		F3E4DAA32B5FAD7F00908A66 /* Build configuration list for PBXNativeTarget "TestProjectSaveleva" */ = {
			isa = XCConfigurationList;
			buildConfigurations = (
				F3E4DAA42B5FAD7F00908A66 /* Debug */,
				F3E4DAA52B5FAD7F00908A66 /* Release */,
			);
			defaultConfigurationIsVisible = 0;
			defaultConfigurationName = Release;
		};
/* End XCConfigurationList section */

/* Begin XCLocalSwiftPackageReference section */
		F381443B2B69420800DCB02C /* XCLocalSwiftPackageReference "TestProjectSaveleva/GraphQL/Pomosch" */ = {
			isa = XCLocalSwiftPackageReference;
			relativePath = TestProjectSaveleva/GraphQL/Pomosch;
		};
/* End XCLocalSwiftPackageReference section */

/* Begin XCRemoteSwiftPackageReference section */
		F38144452B69A11500DCB02C /* XCRemoteSwiftPackageReference "Kingfisher" */ = {
			isa = XCRemoteSwiftPackageReference;
			repositoryURL = "https://github.com/onevcat/Kingfisher";
			requirement = {
				kind = upToNextMajorVersion;
				minimumVersion = 7.10.2;
			};
		};
		F3819EDE2B6197D000CF1181 /* XCRemoteSwiftPackageReference "apollo-ios" */ = {
			isa = XCRemoteSwiftPackageReference;
			repositoryURL = "https://github.com/apollographql/apollo-ios.git";
			requirement = {
				kind = upToNextMajorVersion;
				minimumVersion = 1.8.0;
			};
		};
/* End XCRemoteSwiftPackageReference section */

/* Begin XCSwiftPackageProductDependency section */
		F38144242B67AA7200DCB02C /* Apollo */ = {
			isa = XCSwiftPackageProductDependency;
			package = F3819EDE2B6197D000CF1181 /* XCRemoteSwiftPackageReference "apollo-ios" */;
			productName = Apollo;
		};
		F38144262B67AA7200DCB02C /* Apollo-Dynamic */ = {
			isa = XCSwiftPackageProductDependency;
			package = F3819EDE2B6197D000CF1181 /* XCRemoteSwiftPackageReference "apollo-ios" */;
			productName = "Apollo-Dynamic";
		};
		F38144282B67AA7200DCB02C /* ApolloAPI */ = {
			isa = XCSwiftPackageProductDependency;
			package = F3819EDE2B6197D000CF1181 /* XCRemoteSwiftPackageReference "apollo-ios" */;
			productName = ApolloAPI;
		};
		F381442A2B67AA7200DCB02C /* ApolloSQLite */ = {
			isa = XCSwiftPackageProductDependency;
			package = F3819EDE2B6197D000CF1181 /* XCRemoteSwiftPackageReference "apollo-ios" */;
			productName = ApolloSQLite;
		};
		F381442C2B67AA7200DCB02C /* ApolloTestSupport */ = {
			isa = XCSwiftPackageProductDependency;
			package = F3819EDE2B6197D000CF1181 /* XCRemoteSwiftPackageReference "apollo-ios" */;
			productName = ApolloTestSupport;
		};
		F381443C2B69420800DCB02C /* Pomosch */ = {
			isa = XCSwiftPackageProductDependency;
			productName = Pomosch;
		};
		F38144462B69A11500DCB02C /* Kingfisher */ = {
			isa = XCSwiftPackageProductDependency;
			package = F38144452B69A11500DCB02C /* XCRemoteSwiftPackageReference "Kingfisher" */;
			productName = Kingfisher;
		};
		F3819EDF2B6197D000CF1181 /* Apollo */ = {
			isa = XCSwiftPackageProductDependency;
			package = F3819EDE2B6197D000CF1181 /* XCRemoteSwiftPackageReference "apollo-ios" */;
			productName = Apollo;
		};
/* End XCSwiftPackageProductDependency section */
	};
	rootObject = F3E4DA872B5FAD7E00908A66 /* Project object */;
}
